{
  "name": "tmp.tqJSj5nN7m",
  "lockfileVersion": 3,
  "requires": true,
  "packages": {
    "": {
      "dependencies": {
        "cheetah-grid": "^1.13.1"
      }
    },
    "node_modules/cheetah-grid": {
      "version": "1.13.1",
      "resolved": "https://registry.npmjs.org/cheetah-grid/-/cheetah-grid-1.13.1.tgz",
      "integrity": "sha512-VJwhsqMC6NutoFwGW3yWqeDO9mEh7/L552cbOlCPJvemYs7qR4PxgDG20YHCxgExhtfB0NuegRLHvKoc41x4/g=="
    }
  }
}
